
Microsoft Visual Studio Solution File, Format Version 12.00
# Visual Studio Version 16
VisualStudioVersion = 16.0.30114.105
MinimumVisualStudioVersion = 10.0.40219.1
Project("{FAE04EC0-301F-11D3-BF4B-00C04F79EFBC}") = "Collections.Data", "Collections.Data\Collections.Data.csproj", "{F9F9561E-48CB-44D7-B7A7-C2B2FAB49A9E}"
EndProject
Project("{FAE04EC0-301F-11D3-BF4B-00C04F79EFBC}") = "Collections.Repository", "Collections.Repository\Collections.Repository.csproj", "{298F082B-3C30-4AFF-96F0-198F6E314453}"
EndProject
Project("{FAE04EC0-301F-11D3-BF4B-00C04F79EFBC}") = "Collections.UI", "Collections.UI\Collections.UI.csproj", "{C16F59AB-5F38-4C16-A317-93FF9A04BFC8}"
EndProject
Global
	GlobalSection(SolutionConfigurationPlatforms) = preSolution
		Debug|Any CPU = Debug|Any CPU
		Release|Any CPU = Release|Any CPU
	EndGlobalSection
	GlobalSection(SolutionProperties) = preSolution
		HideSolutionNode = FALSE
	EndGlobalSection
	GlobalSection(ProjectConfigurationPlatforms) = postSolution
		{F9F9561E-48CB-44D7-B7A7-C2B2FAB49A9E}.Debug|Any CPU.ActiveCfg = Debug|Any CPU
		{F9F9561E-48CB-44D7-B7A7-C2B2FAB49A9E}.Debug|Any CPU.Build.0 = Debug|Any CPU
		{F9F9561E-48CB-44D7-B7A7-C2B2FAB49A9E}.Release|Any CPU.ActiveCfg = Release|Any CPU
		{F9F9561E-48CB-44D7-B7A7-C2B2FAB49A9E}.Release|Any CPU.Build.0 = Release|Any CPU
		{298F082B-3C30-4AFF-96F0-198F6E314453}.Debug|Any CPU.ActiveCfg = Debug|Any CPU
		{298F082B-3C30-4AFF-96F0-198F6E314453}.Debug|Any CPU.Build.0 = Debug|Any CPU
		{298F082B-3C30-4AFF-96F0-198F6E314453}.Release|Any CPU.ActiveCfg = Release|Any CPU
		{298F082B-3C30-4AFF-96F0-198F6E314453}.Release|Any CPU.Build.0 = Release|Any CPU
		{C16F59AB-5F38-4C16-A317-93FF9A04BFC8}.Debug|Any CPU.ActiveCfg = Debug|Any CPU
		{C16F59AB-5F38-4C16-A317-93FF9A04BFC8}.Debug|Any CPU.Build.0 = Debug|Any CPU
		{C16F59AB-5F38-4C16-A317-93FF9A04BFC8}.Release|Any CPU.ActiveCfg = Release|Any CPU
		{C16F59AB-5F38-4C16-A317-93FF9A04BFC8}.Release|Any CPU.Build.0 = Release|Any CPU
	EndGlobalSection
EndGlobal
